// !$*UTF8*$!
{
	archiveVersion = 1;
	classes = {
	};
	objectVersion = 51;
	objects = {

/* Begin PBXBuildFile section */
		05274F64E001D26F5F71A2AB /* Pods_ArandworldTests.framework in Frameworks */ = {isa = PBXBuildFile; fileRef = F9DD21BEABF0AD056E50A3CD /* Pods_ArandworldTests.framework */; };
		BE5E921E265109B700FE592C /* FactoryProtocol.swift in Sources */ = {isa = PBXBuildFile; fileRef = BE5E921D265109B700FE592C /* FactoryProtocol.swift */; };
		BE5E9223265109C300FE592C /* DependencyContainer.swift in Sources */ = {isa = PBXBuildFile; fileRef = BE5E9222265109C300FE592C /* DependencyContainer.swift */; };
		BE5E922826510AF100FE592C /* UserModel.swift in Sources */ = {isa = PBXBuildFile; fileRef = BE5E922726510AF100FE592C /* UserModel.swift */; };
		BE67978C2666A9B400489764 /* UIAlertController+Extension.swift in Sources */ = {isa = PBXBuildFile; fileRef = BE67978B2666A9B400489764 /* UIAlertController+Extension.swift */; };
		BE6797922666ABAB00489764 /* MainARViewController.swift in Sources */ = {isa = PBXBuildFile; fileRef = BE6797902666ABAB00489764 /* MainARViewController.swift */; };
		BE6797932666ABAB00489764 /* MainARViewController.xib in Resources */ = {isa = PBXBuildFile; fileRef = BE6797912666ABAB00489764 /* MainARViewController.xib */; };
		BE67979B2666ABFA00489764 /* MainARViewModel.swift in Sources */ = {isa = PBXBuildFile; fileRef = BE67979A2666ABFA00489764 /* MainARViewModel.swift */; };
		BED4580D265040DE00101C52 /* AppDelegate.swift in Sources */ = {isa = PBXBuildFile; fileRef = BED4580C265040DE00101C52 /* AppDelegate.swift */; };
		BED45817265040DE00101C52 /* Arandworld.xcdatamodeld in Sources */ = {isa = PBXBuildFile; fileRef = BED45815265040DE00101C52 /* Arandworld.xcdatamodeld */; };
		BED45819265040DF00101C52 /* Assets.xcassets in Resources */ = {isa = PBXBuildFile; fileRef = BED45818265040DF00101C52 /* Assets.xcassets */; };
		BED4581C265040DF00101C52 /* LaunchScreen.storyboard in Resources */ = {isa = PBXBuildFile; fileRef = BED4581A265040DF00101C52 /* LaunchScreen.storyboard */; };
		BED45827265040DF00101C52 /* ArandworldTests.swift in Sources */ = {isa = PBXBuildFile; fileRef = BED45826265040DF00101C52 /* ArandworldTests.swift */; };
		BED45832265040DF00101C52 /* ArandworldUITests.swift in Sources */ = {isa = PBXBuildFile; fileRef = BED45831265040DF00101C52 /* ArandworldUITests.swift */; };
		BED458472650414E00101C52 /* LoginViewController.swift in Sources */ = {isa = PBXBuildFile; fileRef = BED458452650414D00101C52 /* LoginViewController.swift */; };
		BED458482650414E00101C52 /* LoginViewController.xib in Resources */ = {isa = PBXBuildFile; fileRef = BED458462650414E00101C52 /* LoginViewController.xib */; };
		BED4586B265061AE00101C52 /* amplifyconfiguration.json in Resources */ = {isa = PBXBuildFile; fileRef = BED4586A265061AE00101C52 /* amplifyconfiguration.json */; };
		BEDB31EC265C165600C8D6E2 /* LoginViewModel.swift in Sources */ = {isa = PBXBuildFile; fileRef = BEDB31EB265C165600C8D6E2 /* LoginViewModel.swift */; };
		C708685CE35604B0300995C2 /* Pods_Arandworld.framework in Frameworks */ = {isa = PBXBuildFile; fileRef = 4B198366AD4C959C3ED3B1B4 /* Pods_Arandworld.framework */; };
		CDB5082B1184AB7C248C6B20 /* Pods_Arandworld_ArandworldUITests.framework in Frameworks */ = {isa = PBXBuildFile; fileRef = 0C1938092E1D28F974CA3BAB /* Pods_Arandworld_ArandworldUITests.framework */; };
/* End PBXBuildFile section */

/* Begin PBXContainerItemProxy section */
		BED45823265040DF00101C52 /* PBXContainerItemProxy */ = {
			isa = PBXContainerItemProxy;
			containerPortal = BED45801265040DE00101C52 /* Project object */;
			proxyType = 1;
			remoteGlobalIDString = BED45808265040DE00101C52;
			remoteInfo = Arandworld;
		};
		BED4582E265040DF00101C52 /* PBXContainerItemProxy */ = {
			isa = PBXContainerItemProxy;
			containerPortal = BED45801265040DE00101C52 /* Project object */;
			proxyType = 1;
			remoteGlobalIDString = BED45808265040DE00101C52;
			remoteInfo = Arandworld;
		};
/* End PBXContainerItemProxy section */

/* Begin PBXFileReference section */
		084B95D354670918EF12807E /* Pods-Arandworld-ArandworldUITests.debug.xcconfig */ = {isa = PBXFileReference; includeInIndex = 1; lastKnownFileType = text.xcconfig; name = "Pods-Arandworld-ArandworldUITests.debug.xcconfig"; path = "Target Support Files/Pods-Arandworld-ArandworldUITests/Pods-Arandworld-ArandworldUITests.debug.xcconfig"; sourceTree = "<group>"; };
		0C1938092E1D28F974CA3BAB /* Pods_Arandworld_ArandworldUITests.framework */ = {isa = PBXFileReference; explicitFileType = wrapper.framework; includeInIndex = 0; path = Pods_Arandworld_ArandworldUITests.framework; sourceTree = BUILT_PRODUCTS_DIR; };
		3217F7F2F9D5F3B4798E3591 /* Pods-Arandworld.release.xcconfig */ = {isa = PBXFileReference; includeInIndex = 1; lastKnownFileType = text.xcconfig; name = "Pods-Arandworld.release.xcconfig"; path = "Target Support Files/Pods-Arandworld/Pods-Arandworld.release.xcconfig"; sourceTree = "<group>"; };
		4B198366AD4C959C3ED3B1B4 /* Pods_Arandworld.framework */ = {isa = PBXFileReference; explicitFileType = wrapper.framework; includeInIndex = 0; path = Pods_Arandworld.framework; sourceTree = BUILT_PRODUCTS_DIR; };
		6207C1B3ADB72B84F18AA728 /* Pods-ArandworldTests.debug.xcconfig */ = {isa = PBXFileReference; includeInIndex = 1; lastKnownFileType = text.xcconfig; name = "Pods-ArandworldTests.debug.xcconfig"; path = "Target Support Files/Pods-ArandworldTests/Pods-ArandworldTests.debug.xcconfig"; sourceTree = "<group>"; };
		66B08960A291C3673DE904CC /* Pods-Arandworld.debug.xcconfig */ = {isa = PBXFileReference; includeInIndex = 1; lastKnownFileType = text.xcconfig; name = "Pods-Arandworld.debug.xcconfig"; path = "Target Support Files/Pods-Arandworld/Pods-Arandworld.debug.xcconfig"; sourceTree = "<group>"; };
		9EAC0CA40C798387498B5C46 /* Pods-Arandworld-ArandworldUITests.release.xcconfig */ = {isa = PBXFileReference; includeInIndex = 1; lastKnownFileType = text.xcconfig; name = "Pods-Arandworld-ArandworldUITests.release.xcconfig"; path = "Target Support Files/Pods-Arandworld-ArandworldUITests/Pods-Arandworld-ArandworldUITests.release.xcconfig"; sourceTree = "<group>"; };
		BE5E921D265109B700FE592C /* FactoryProtocol.swift */ = {isa = PBXFileReference; lastKnownFileType = sourcecode.swift; path = FactoryProtocol.swift; sourceTree = "<group>"; };
		BE5E9222265109C300FE592C /* DependencyContainer.swift */ = {isa = PBXFileReference; lastKnownFileType = sourcecode.swift; path = DependencyContainer.swift; sourceTree = "<group>"; };
		BE5E922726510AF100FE592C /* UserModel.swift */ = {isa = PBXFileReference; lastKnownFileType = sourcecode.swift; path = UserModel.swift; sourceTree = "<group>"; };
		BE67978B2666A9B400489764 /* UIAlertController+Extension.swift */ = {isa = PBXFileReference; lastKnownFileType = sourcecode.swift; path = "UIAlertController+Extension.swift"; sourceTree = "<group>"; };
		BE6797902666ABAB00489764 /* MainARViewController.swift */ = {isa = PBXFileReference; lastKnownFileType = sourcecode.swift; path = MainARViewController.swift; sourceTree = "<group>"; };
		BE6797912666ABAB00489764 /* MainARViewController.xib */ = {isa = PBXFileReference; lastKnownFileType = file.xib; path = MainARViewController.xib; sourceTree = "<group>"; };
		BE67979A2666ABFA00489764 /* MainARViewModel.swift */ = {isa = PBXFileReference; lastKnownFileType = sourcecode.swift; path = MainARViewModel.swift; sourceTree = "<group>"; };
		BED45809265040DE00101C52 /* Arandworld.app */ = {isa = PBXFileReference; explicitFileType = wrapper.application; includeInIndex = 0; path = Arandworld.app; sourceTree = BUILT_PRODUCTS_DIR; };
		BED4580C265040DE00101C52 /* AppDelegate.swift */ = {isa = PBXFileReference; lastKnownFileType = sourcecode.swift; path = AppDelegate.swift; sourceTree = "<group>"; };
		BED45816265040DE00101C52 /* Arandworld.xcdatamodel */ = {isa = PBXFileReference; lastKnownFileType = wrapper.xcdatamodel; path = Arandworld.xcdatamodel; sourceTree = "<group>"; };
		BED45818265040DF00101C52 /* Assets.xcassets */ = {isa = PBXFileReference; lastKnownFileType = folder.assetcatalog; path = Assets.xcassets; sourceTree = "<group>"; };
		BED4581B265040DF00101C52 /* Base */ = {isa = PBXFileReference; lastKnownFileType = file.storyboard; name = Base; path = Base.lproj/LaunchScreen.storyboard; sourceTree = "<group>"; };
		BED4581D265040DF00101C52 /* Info.plist */ = {isa = PBXFileReference; lastKnownFileType = text.plist.xml; path = Info.plist; sourceTree = "<group>"; };
		BED45822265040DF00101C52 /* ArandworldTests.xctest */ = {isa = PBXFileReference; explicitFileType = wrapper.cfbundle; includeInIndex = 0; path = ArandworldTests.xctest; sourceTree = BUILT_PRODUCTS_DIR; };
		BED45826265040DF00101C52 /* ArandworldTests.swift */ = {isa = PBXFileReference; lastKnownFileType = sourcecode.swift; path = ArandworldTests.swift; sourceTree = "<group>"; };
		BED45828265040DF00101C52 /* Info.plist */ = {isa = PBXFileReference; lastKnownFileType = text.plist.xml; path = Info.plist; sourceTree = "<group>"; };
		BED4582D265040DF00101C52 /* ArandworldUITests.xctest */ = {isa = PBXFileReference; explicitFileType = wrapper.cfbundle; includeInIndex = 0; path = ArandworldUITests.xctest; sourceTree = BUILT_PRODUCTS_DIR; };
		BED45831265040DF00101C52 /* ArandworldUITests.swift */ = {isa = PBXFileReference; lastKnownFileType = sourcecode.swift; path = ArandworldUITests.swift; sourceTree = "<group>"; };
		BED45833265040DF00101C52 /* Info.plist */ = {isa = PBXFileReference; lastKnownFileType = text.plist.xml; path = Info.plist; sourceTree = "<group>"; };
		BED458452650414D00101C52 /* LoginViewController.swift */ = {isa = PBXFileReference; lastKnownFileType = sourcecode.swift; path = LoginViewController.swift; sourceTree = "<group>"; };
		BED458462650414E00101C52 /* LoginViewController.xib */ = {isa = PBXFileReference; lastKnownFileType = file.xib; path = LoginViewController.xib; sourceTree = "<group>"; };
		BED4586A265061AE00101C52 /* amplifyconfiguration.json */ = {isa = PBXFileReference; fileEncoding = 4; lastKnownFileType = text.json; name = amplifyconfiguration.json; path = Arandworld/amplifyconfiguration.json; sourceTree = SOURCE_ROOT; };
		BEDB31EB265C165600C8D6E2 /* LoginViewModel.swift */ = {isa = PBXFileReference; lastKnownFileType = sourcecode.swift; path = LoginViewModel.swift; sourceTree = "<group>"; };
		ECA994784E89F9866DAFD540 /* Pods-ArandworldTests.release.xcconfig */ = {isa = PBXFileReference; includeInIndex = 1; lastKnownFileType = text.xcconfig; name = "Pods-ArandworldTests.release.xcconfig"; path = "Target Support Files/Pods-ArandworldTests/Pods-ArandworldTests.release.xcconfig"; sourceTree = "<group>"; };
		F9DD21BEABF0AD056E50A3CD /* Pods_ArandworldTests.framework */ = {isa = PBXFileReference; explicitFileType = wrapper.framework; includeInIndex = 0; path = Pods_ArandworldTests.framework; sourceTree = BUILT_PRODUCTS_DIR; };
/* End PBXFileReference section */

/* Begin PBXFrameworksBuildPhase section */
		BED45806265040DE00101C52 /* Frameworks */ = {
			isa = PBXFrameworksBuildPhase;
			buildActionMask = 2147483647;
			files = (
				C708685CE35604B0300995C2 /* Pods_Arandworld.framework in Frameworks */,
			);
			runOnlyForDeploymentPostprocessing = 0;
		};
		BED4581F265040DF00101C52 /* Frameworks */ = {
			isa = PBXFrameworksBuildPhase;
			buildActionMask = 2147483647;
			files = (
				05274F64E001D26F5F71A2AB /* Pods_ArandworldTests.framework in Frameworks */,
			);
			runOnlyForDeploymentPostprocessing = 0;
		};
		BED4582A265040DF00101C52 /* Frameworks */ = {
			isa = PBXFrameworksBuildPhase;
			buildActionMask = 2147483647;
			files = (
				CDB5082B1184AB7C248C6B20 /* Pods_Arandworld_ArandworldUITests.framework in Frameworks */,
			);
			runOnlyForDeploymentPostprocessing = 0;
		};
/* End PBXFrameworksBuildPhase section */

/* Begin PBXGroup section */
		41BDB727D55EA4019622A479 /* Pods */ = {
			isa = PBXGroup;
			children = (
				66B08960A291C3673DE904CC /* Pods-Arandworld.debug.xcconfig */,
				3217F7F2F9D5F3B4798E3591 /* Pods-Arandworld.release.xcconfig */,
				084B95D354670918EF12807E /* Pods-Arandworld-ArandworldUITests.debug.xcconfig */,
				9EAC0CA40C798387498B5C46 /* Pods-Arandworld-ArandworldUITests.release.xcconfig */,
				6207C1B3ADB72B84F18AA728 /* Pods-ArandworldTests.debug.xcconfig */,
				ECA994784E89F9866DAFD540 /* Pods-ArandworldTests.release.xcconfig */,
			);
			path = Pods;
			sourceTree = "<group>";
		};
		5BB4E04A1DE6FED6C783247A /* Frameworks */ = {
			isa = PBXGroup;
			children = (
				4B198366AD4C959C3ED3B1B4 /* Pods_Arandworld.framework */,
				0C1938092E1D28F974CA3BAB /* Pods_Arandworld_ArandworldUITests.framework */,
				F9DD21BEABF0AD056E50A3CD /* Pods_ArandworldTests.framework */,
			);
			name = Frameworks;
			sourceTree = "<group>";
		};
		BE67978A2666A98100489764 /* Extension */ = {
			isa = PBXGroup;
			children = (
				BE67978B2666A9B400489764 /* UIAlertController+Extension.swift */,
			);
			path = Extension;
			sourceTree = "<group>";
		};
		BED45800265040DE00101C52 = {
			isa = PBXGroup;
			children = (
				BED4580B265040DE00101C52 /* Arandworld */,
				BED45825265040DF00101C52 /* ArandworldTests */,
				BED45830265040DF00101C52 /* ArandworldUITests */,
				BED4580A265040DE00101C52 /* Products */,
				41BDB727D55EA4019622A479 /* Pods */,
				5BB4E04A1DE6FED6C783247A /* Frameworks */,
			);
			sourceTree = "<group>";
		};
		BED4580A265040DE00101C52 /* Products */ = {
			isa = PBXGroup;
			children = (
				BED45809265040DE00101C52 /* Arandworld.app */,
				BED45822265040DF00101C52 /* ArandworldTests.xctest */,
				BED4582D265040DF00101C52 /* ArandworldUITests.xctest */,
			);
			name = Products;
			sourceTree = "<group>";
		};
		BED4580B265040DE00101C52 /* Arandworld */ = {
			isa = PBXGroup;
			children = (
				BED458772650E28E00101C52 /* Main */,
				BED458782650E2D600101C52 /* Service */,
				BED458732650E22F00101C52 /* Configs */,
				BE67978A2666A98100489764 /* Extension */,
				BED458722650E22900101C52 /* Controller */,
				BED458712650E22300101C52 /* ViewModel */,
				BED458702650E21D00101C52 /* View */,
				BED4586F2650E21700101C52 /* Model */,
				BED45818265040DF00101C52 /* Assets.xcassets */,
				BED4581A265040DF00101C52 /* LaunchScreen.storyboard */,
			);
			path = Arandworld;
			sourceTree = "<group>";
		};
		BED45825265040DF00101C52 /* ArandworldTests */ = {
			isa = PBXGroup;
			children = (
				BED45826265040DF00101C52 /* ArandworldTests.swift */,
				BED45828265040DF00101C52 /* Info.plist */,
			);
			path = ArandworldTests;
			sourceTree = "<group>";
		};
		BED45830265040DF00101C52 /* ArandworldUITests */ = {
			isa = PBXGroup;
			children = (
				BED45831265040DF00101C52 /* ArandworldUITests.swift */,
				BED45833265040DF00101C52 /* Info.plist */,
			);
			path = ArandworldUITests;
			sourceTree = "<group>";
		};
		BED4586F2650E21700101C52 /* Model */ = {
			isa = PBXGroup;
			children = (
				BE5E922726510AF100FE592C /* UserModel.swift */,
			);
			path = Model;
			sourceTree = "<group>";
		};
		BED458702650E21D00101C52 /* View */ = {
			isa = PBXGroup;
			children = (
				BE6797912666ABAB00489764 /* MainARViewController.xib */,
				BED458462650414E00101C52 /* LoginViewController.xib */,
			);
			path = View;
			sourceTree = "<group>";
		};
		BED458712650E22300101C52 /* ViewModel */ = {
			isa = PBXGroup;
			children = (
				BEDB31EB265C165600C8D6E2 /* LoginViewModel.swift */,
				BE67979A2666ABFA00489764 /* MainARViewModel.swift */,
			);
			path = ViewModel;
			sourceTree = "<group>";
		};
		BED458722650E22900101C52 /* Controller */ = {
			isa = PBXGroup;
			children = (
				BED458452650414D00101C52 /* LoginViewController.swift */,
				BE6797902666ABAB00489764 /* MainARViewController.swift */,
			);
			path = Controller;
			sourceTree = "<group>";
		};
		BED458732650E22F00101C52 /* Configs */ = {
			isa = PBXGroup;
			children = (
				BED4581D265040DF00101C52 /* Info.plist */,
				BED4586A265061AE00101C52 /* amplifyconfiguration.json */,
			);
			name = Configs;
			sourceTree = "<group>";
		};
		BED458772650E28E00101C52 /* Main */ = {
			isa = PBXGroup;
			children = (
				BED4580C265040DE00101C52 /* AppDelegate.swift */,
				BE5E921D265109B700FE592C /* FactoryProtocol.swift */,
				BE5E9222265109C300FE592C /* DependencyContainer.swift */,
			);
			path = Main;
			sourceTree = "<group>";
		};
		BED458782650E2D600101C52 /* Service */ = {
			isa = PBXGroup;
			children = (
				BED4587B2650E84500101C52 /* Network */,
				BED4587A2650E82400101C52 /* Storage */,
			);
			path = Service;
			sourceTree = "<group>";
		};
		BED4587A2650E82400101C52 /* Storage */ = {
			isa = PBXGroup;
			children = (
				BED45815265040DE00101C52 /* Arandworld.xcdatamodeld */,
			);
			path = Storage;
			sourceTree = "<group>";
		};
		BED4587B2650E84500101C52 /* Network */ = {
			isa = PBXGroup;
			children = (
			);
			path = Network;
			sourceTree = "<group>";
		};
/* End PBXGroup section */

/* Begin PBXNativeTarget section */
		BED45808265040DE00101C52 /* Arandworld */ = {
			isa = PBXNativeTarget;
			buildConfigurationList = BED45836265040DF00101C52 /* Build configuration list for PBXNativeTarget "Arandworld" */;
			buildPhases = (
				82A8944593DF49A56A219427 /* [CP] Check Pods Manifest.lock */,
				BED45805265040DE00101C52 /* Sources */,
				BED45806265040DE00101C52 /* Frameworks */,
				BED45807265040DE00101C52 /* Resources */,
				C54134BA673D82213DCE7483 /* [CP] Embed Pods Frameworks */,
			);
			buildRules = (
			);
			dependencies = (
			);
			name = Arandworld;
			productName = Arandworld;
			productReference = BED45809265040DE00101C52 /* Arandworld.app */;
			productType = "com.apple.product-type.application";
		};
		BED45821265040DF00101C52 /* ArandworldTests */ = {
			isa = PBXNativeTarget;
			buildConfigurationList = BED45839265040DF00101C52 /* Build configuration list for PBXNativeTarget "ArandworldTests" */;
			buildPhases = (
				5C99A93879BAA28D642D7E31 /* [CP] Check Pods Manifest.lock */,
				BED4581E265040DF00101C52 /* Sources */,
				BED4581F265040DF00101C52 /* Frameworks */,
				BED45820265040DF00101C52 /* Resources */,
			);
			buildRules = (
			);
			dependencies = (
				BED45824265040DF00101C52 /* PBXTargetDependency */,
			);
			name = ArandworldTests;
			productName = ArandworldTests;
			productReference = BED45822265040DF00101C52 /* ArandworldTests.xctest */;
			productType = "com.apple.product-type.bundle.unit-test";
		};
		BED4582C265040DF00101C52 /* ArandworldUITests */ = {
			isa = PBXNativeTarget;
			buildConfigurationList = BED4583C265040DF00101C52 /* Build configuration list for PBXNativeTarget "ArandworldUITests" */;
			buildPhases = (
				E3CA810BEBAAAE1CA286B3F1 /* [CP] Check Pods Manifest.lock */,
				BED45829265040DF00101C52 /* Sources */,
				BED4582A265040DF00101C52 /* Frameworks */,
				BED4582B265040DF00101C52 /* Resources */,
				7FA53C089328547686531DC1 /* [CP] Embed Pods Frameworks */,
			);
			buildRules = (
			);
			dependencies = (
				BED4582F265040DF00101C52 /* PBXTargetDependency */,
			);
			name = ArandworldUITests;
			productName = ArandworldUITests;
			productReference = BED4582D265040DF00101C52 /* ArandworldUITests.xctest */;
			productType = "com.apple.product-type.bundle.ui-testing";
		};
/* End PBXNativeTarget section */

/* Begin PBXProject section */
		BED45801265040DE00101C52 /* Project object */ = {
			isa = PBXProject;
			attributes = {
				LastSwiftUpdateCheck = 1240;
				LastUpgradeCheck = 1240;
				TargetAttributes = {
					BED45808265040DE00101C52 = {
						CreatedOnToolsVersion = 12.4;
					};
					BED45821265040DF00101C52 = {
						CreatedOnToolsVersion = 12.4;
						TestTargetID = BED45808265040DE00101C52;
					};
					BED4582C265040DF00101C52 = {
						CreatedOnToolsVersion = 12.4;
						TestTargetID = BED45808265040DE00101C52;
					};
				};
			};
			buildConfigurationList = BED45804265040DE00101C52 /* Build configuration list for PBXProject "Arandworld" */;
			compatibilityVersion = "Xcode 9.3";
			developmentRegion = en;
			hasScannedForEncodings = 0;
			knownRegions = (
				en,
				Base,
			);
			mainGroup = BED45800265040DE00101C52;
			productRefGroup = BED4580A265040DE00101C52 /* Products */;
			projectDirPath = "";
			projectRoot = "";
			targets = (
				BED45808265040DE00101C52 /* Arandworld */,
				BED45821265040DF00101C52 /* ArandworldTests */,
				BED4582C265040DF00101C52 /* ArandworldUITests */,
			);
		};
/* End PBXProject section */

/* Begin PBXResourcesBuildPhase section */
		BED45807265040DE00101C52 /* Resources */ = {
			isa = PBXResourcesBuildPhase;
			buildActionMask = 2147483647;
			files = (
				BED458482650414E00101C52 /* LoginViewController.xib in Resources */,
				BED4581C265040DF00101C52 /* LaunchScreen.storyboard in Resources */,
				BED45819265040DF00101C52 /* Assets.xcassets in Resources */,
				BE6797932666ABAB00489764 /* MainARViewController.xib in Resources */,
				BED4586B265061AE00101C52 /* amplifyconfiguration.json in Resources */,
			);
			runOnlyForDeploymentPostprocessing = 0;
		};
		BED45820265040DF00101C52 /* Resources */ = {
			isa = PBXResourcesBuildPhase;
			buildActionMask = 2147483647;
			files = (
			);
			runOnlyForDeploymentPostprocessing = 0;
		};
		BED4582B265040DF00101C52 /* Resources */ = {
			isa = PBXResourcesBuildPhase;
			buildActionMask = 2147483647;
			files = (
			);
			runOnlyForDeploymentPostprocessing = 0;
		};
/* End PBXResourcesBuildPhase section */

/* Begin PBXShellScriptBuildPhase section */
		5C99A93879BAA28D642D7E31 /* [CP] Check Pods Manifest.lock */ = {
			isa = PBXShellScriptBuildPhase;
			buildActionMask = 2147483647;
			files = (
			);
			inputFileListPaths = (
			);
			inputPaths = (
				"${PODS_PODFILE_DIR_PATH}/Podfile.lock",
				"${PODS_ROOT}/Manifest.lock",
			);
			name = "[CP] Check Pods Manifest.lock";
			outputFileListPaths = (
			);
			outputPaths = (
				"$(DERIVED_FILE_DIR)/Pods-ArandworldTests-checkManifestLockResult.txt",
			);
			runOnlyForDeploymentPostprocessing = 0;
			shellPath = /bin/sh;
			shellScript = "diff \"${PODS_PODFILE_DIR_PATH}/Podfile.lock\" \"${PODS_ROOT}/Manifest.lock\" > /dev/null\nif [ $? != 0 ] ; then\n    # print error to STDERR\n    echo \"error: The sandbox is not in sync with the Podfile.lock. Run 'pod install' or update your CocoaPods installation.\" >&2\n    exit 1\nfi\n# This output is used by Xcode 'outputs' to avoid re-running this script phase.\necho \"SUCCESS\" > \"${SCRIPT_OUTPUT_FILE_0}\"\n";
			showEnvVarsInLog = 0;
		};
		7FA53C089328547686531DC1 /* [CP] Embed Pods Frameworks */ = {
			isa = PBXShellScriptBuildPhase;
			buildActionMask = 2147483647;
			files = (
			);
			inputFileListPaths = (
				"${PODS_ROOT}/Target Support Files/Pods-Arandworld-ArandworldUITests/Pods-Arandworld-ArandworldUITests-frameworks-${CONFIGURATION}-input-files.xcfilelist",
			);
			name = "[CP] Embed Pods Frameworks";
			outputFileListPaths = (
				"${PODS_ROOT}/Target Support Files/Pods-Arandworld-ArandworldUITests/Pods-Arandworld-ArandworldUITests-frameworks-${CONFIGURATION}-output-files.xcfilelist",
			);
			runOnlyForDeploymentPostprocessing = 0;
			shellPath = /bin/sh;
			shellScript = "\"${PODS_ROOT}/Target Support Files/Pods-Arandworld-ArandworldUITests/Pods-Arandworld-ArandworldUITests-frameworks.sh\"\n";
			showEnvVarsInLog = 0;
		};
		82A8944593DF49A56A219427 /* [CP] Check Pods Manifest.lock */ = {
			isa = PBXShellScriptBuildPhase;
			buildActionMask = 2147483647;
			files = (
			);
			inputFileListPaths = (
			);
			inputPaths = (
				"${PODS_PODFILE_DIR_PATH}/Podfile.lock",
				"${PODS_ROOT}/Manifest.lock",
			);
			name = "[CP] Check Pods Manifest.lock";
			outputFileListPaths = (
			);
			outputPaths = (
				"$(DERIVED_FILE_DIR)/Pods-Arandworld-checkManifestLockResult.txt",
			);
			runOnlyForDeploymentPostprocessing = 0;
			shellPath = /bin/sh;
			shellScript = "diff \"${PODS_PODFILE_DIR_PATH}/Podfile.lock\" \"${PODS_ROOT}/Manifest.lock\" > /dev/null\nif [ $? != 0 ] ; then\n    # print error to STDERR\n    echo \"error: The sandbox is not in sync with the Podfile.lock. Run 'pod install' or update your CocoaPods installation.\" >&2\n    exit 1\nfi\n# This output is used by Xcode 'outputs' to avoid re-running this script phase.\necho \"SUCCESS\" > \"${SCRIPT_OUTPUT_FILE_0}\"\n";
			showEnvVarsInLog = 0;
		};
		C54134BA673D82213DCE7483 /* [CP] Embed Pods Frameworks */ = {
			isa = PBXShellScriptBuildPhase;
			buildActionMask = 2147483647;
			files = (
			);
			inputFileListPaths = (
				"${PODS_ROOT}/Target Support Files/Pods-Arandworld/Pods-Arandworld-frameworks-${CONFIGURATION}-input-files.xcfilelist",
			);
			name = "[CP] Embed Pods Frameworks";
			outputFileListPaths = (
				"${PODS_ROOT}/Target Support Files/Pods-Arandworld/Pods-Arandworld-frameworks-${CONFIGURATION}-output-files.xcfilelist",
			);
			runOnlyForDeploymentPostprocessing = 0;
			shellPath = /bin/sh;
			shellScript = "\"${PODS_ROOT}/Target Support Files/Pods-Arandworld/Pods-Arandworld-frameworks.sh\"\n";
			showEnvVarsInLog = 0;
		};
		E3CA810BEBAAAE1CA286B3F1 /* [CP] Check Pods Manifest.lock */ = {
			isa = PBXShellScriptBuildPhase;
			buildActionMask = 2147483647;
			files = (
			);
			inputFileListPaths = (
			);
			inputPaths = (
				"${PODS_PODFILE_DIR_PATH}/Podfile.lock",
				"${PODS_ROOT}/Manifest.lock",
			);
			name = "[CP] Check Pods Manifest.lock";
			outputFileListPaths = (
			);
			outputPaths = (
				"$(DERIVED_FILE_DIR)/Pods-Arandworld-ArandworldUITests-checkManifestLockResult.txt",
			);
			runOnlyForDeploymentPostprocessing = 0;
			shellPath = /bin/sh;
			shellScript = "diff \"${PODS_PODFILE_DIR_PATH}/Podfile.lock\" \"${PODS_ROOT}/Manifest.lock\" > /dev/null\nif [ $? != 0 ] ; then\n    # print error to STDERR\n    echo \"error: The sandbox is not in sync with the Podfile.lock. Run 'pod install' or update your CocoaPods installation.\" >&2\n    exit 1\nfi\n# This output is used by Xcode 'outputs' to avoid re-running this script phase.\necho \"SUCCESS\" > \"${SCRIPT_OUTPUT_FILE_0}\"\n";
			showEnvVarsInLog = 0;
		};
/* End PBXShellScriptBuildPhase section */

/* Begin PBXSourcesBuildPhase section */
		BED45805265040DE00101C52 /* Sources */ = {
			isa = PBXSourcesBuildPhase;
			buildActionMask = 2147483647;
			files = (
				BED458472650414E00101C52 /* LoginViewController.swift in Sources */,
				BE5E9223265109C300FE592C /* DependencyContainer.swift in Sources */,
				BE67978C2666A9B400489764 /* UIAlertController+Extension.swift in Sources */,
				BED45817265040DE00101C52 /* Arandworld.xcdatamodeld in Sources */,
				BE67979B2666ABFA00489764 /* MainARViewModel.swift in Sources */,
				BE6797922666ABAB00489764 /* MainARViewController.swift in Sources */,
				BE5E921E265109B700FE592C /* FactoryProtocol.swift in Sources */,
				BE5E922826510AF100FE592C /* UserModel.swift in Sources */,
				BED4580D265040DE00101C52 /* AppDelegate.swift in Sources */,
				BEDB31EC265C165600C8D6E2 /* LoginViewModel.swift in Sources */,
			);
			runOnlyForDeploymentPostprocessing = 0;
		};
		BED4581E265040DF00101C52 /* Sources */ = {
			isa = PBXSourcesBuildPhase;
			buildActionMask = 2147483647;
			files = (
				BED45827265040DF00101C52 /* ArandworldTests.swift in Sources */,
			);
			runOnlyForDeploymentPostprocessing = 0;
		};
		BED45829265040DF00101C52 /* Sources */ = {
			isa = PBXSourcesBuildPhase;
			buildActionMask = 2147483647;
			files = (
				BED45832265040DF00101C52 /* ArandworldUITests.swift in Sources */,
			);
			runOnlyForDeploymentPostprocessing = 0;
		};
/* End PBXSourcesBuildPhase section */

/* Begin PBXTargetDependency section */
		BED45824265040DF00101C52 /* PBXTargetDependency */ = {
			isa = PBXTargetDependency;
			target = BED45808265040DE00101C52 /* Arandworld */;
			targetProxy = BED45823265040DF00101C52 /* PBXContainerItemProxy */;
		};
		BED4582F265040DF00101C52 /* PBXTargetDependency */ = {
			isa = PBXTargetDependency;
			target = BED45808265040DE00101C52 /* Arandworld */;
			targetProxy = BED4582E265040DF00101C52 /* PBXContainerItemProxy */;
		};
/* End PBXTargetDependency section */

/* Begin PBXVariantGroup section */
		BED4581A265040DF00101C52 /* LaunchScreen.storyboard */ = {
			isa = PBXVariantGroup;
			children = (
				BED4581B265040DF00101C52 /* Base */,
			);
			name = LaunchScreen.storyboard;
			sourceTree = "<group>";
		};
/* End PBXVariantGroup section */

/* Begin XCBuildConfiguration section */
		BED45834265040DF00101C52 /* Debug */ = {
			isa = XCBuildConfiguration;
			buildSettings = {
				ALWAYS_SEARCH_USER_PATHS = NO;
				CLANG_ANALYZER_NONNULL = YES;
				CLANG_ANALYZER_NUMBER_OBJECT_CONVERSION = YES_AGGRESSIVE;
				CLANG_CXX_LANGUAGE_STANDARD = "gnu++14";
				CLANG_CXX_LIBRARY = "libc++";
				CLANG_ENABLE_MODULES = YES;
				CLANG_ENABLE_OBJC_ARC = YES;
				CLANG_ENABLE_OBJC_WEAK = YES;
				CLANG_WARN_BLOCK_CAPTURE_AUTORELEASING = YES;
				CLANG_WARN_BOOL_CONVERSION = YES;
				CLANG_WARN_COMMA = YES;
				CLANG_WARN_CONSTANT_CONVERSION = YES;
				CLANG_WARN_DEPRECATED_OBJC_IMPLEMENTATIONS = YES;
				CLANG_WARN_DIRECT_OBJC_ISA_USAGE = YES_ERROR;
				CLANG_WARN_DOCUMENTATION_COMMENTS = YES;
				CLANG_WARN_EMPTY_BODY = YES;
				CLANG_WARN_ENUM_CONVERSION = YES;
				CLANG_WARN_INFINITE_RECURSION = YES;
				CLANG_WARN_INT_CONVERSION = YES;
				CLANG_WARN_NON_LITERAL_NULL_CONVERSION = YES;
				CLANG_WARN_OBJC_IMPLICIT_RETAIN_SELF = YES;
				CLANG_WARN_OBJC_LITERAL_CONVERSION = YES;
				CLANG_WARN_OBJC_ROOT_CLASS = YES_ERROR;
				CLANG_WARN_QUOTED_INCLUDE_IN_FRAMEWORK_HEADER = YES;
				CLANG_WARN_RANGE_LOOP_ANALYSIS = YES;
				CLANG_WARN_STRICT_PROTOTYPES = YES;
				CLANG_WARN_SUSPICIOUS_MOVE = YES;
				CLANG_WARN_UNGUARDED_AVAILABILITY = YES_AGGRESSIVE;
				CLANG_WARN_UNREACHABLE_CODE = YES;
				CLANG_WARN__DUPLICATE_METHOD_MATCH = YES;
				COPY_PHASE_STRIP = NO;
				DEBUG_INFORMATION_FORMAT = dwarf;
				ENABLE_STRICT_OBJC_MSGSEND = YES;
				ENABLE_TESTABILITY = YES;
				GCC_C_LANGUAGE_STANDARD = gnu11;
				GCC_DYNAMIC_NO_PIC = NO;
				GCC_NO_COMMON_BLOCKS = YES;
				GCC_OPTIMIZATION_LEVEL = 0;
				GCC_PREPROCESSOR_DEFINITIONS = (
					"DEBUG=1",
					"$(inherited)",
				);
				GCC_WARN_64_TO_32_BIT_CONVERSION = YES;
				GCC_WARN_ABOUT_RETURN_TYPE = YES_ERROR;
				GCC_WARN_UNDECLARED_SELECTOR = YES;
				GCC_WARN_UNINITIALIZED_AUTOS = YES_AGGRESSIVE;
				GCC_WARN_UNUSED_FUNCTION = YES;
				GCC_WARN_UNUSED_VARIABLE = YES;
				IPHONEOS_DEPLOYMENT_TARGET = 13.0;
				MTL_ENABLE_DEBUG_INFO = INCLUDE_SOURCE;
				MTL_FAST_MATH = YES;
				ONLY_ACTIVE_ARCH = YES;
				SDKROOT = iphoneos;
				SWIFT_ACTIVE_COMPILATION_CONDITIONS = DEBUG;
				SWIFT_OPTIMIZATION_LEVEL = "-Onone";
			};
			name = Debug;
		};
		BED45835265040DF00101C52 /* Release */ = {
			isa = XCBuildConfiguration;
			buildSettings = {
				ALWAYS_SEARCH_USER_PATHS = NO;
				CLANG_ANALYZER_NONNULL = YES;
				CLANG_ANALYZER_NUMBER_OBJECT_CONVERSION = YES_AGGRESSIVE;
				CLANG_CXX_LANGUAGE_STANDARD = "gnu++14";
				CLANG_CXX_LIBRARY = "libc++";
				CLANG_ENABLE_MODULES = YES;
				CLANG_ENABLE_OBJC_ARC = YES;
				CLANG_ENABLE_OBJC_WEAK = YES;
				CLANG_WARN_BLOCK_CAPTURE_AUTORELEASING = YES;
				CLANG_WARN_BOOL_CONVERSION = YES;
				CLANG_WARN_COMMA = YES;
				CLANG_WARN_CONSTANT_CONVERSION = YES;
				CLANG_WARN_DEPRECATED_OBJC_IMPLEMENTATIONS = YES;
				CLANG_WARN_DIRECT_OBJC_ISA_USAGE = YES_ERROR;
				CLANG_WARN_DOCUMENTATION_COMMENTS = YES;
				CLANG_WARN_EMPTY_BODY = YES;
				CLANG_WARN_ENUM_CONVERSION = YES;
				CLANG_WARN_INFINITE_RECURSION = YES;
				CLANG_WARN_INT_CONVERSION = YES;
				CLANG_WARN_NON_LITERAL_NULL_CONVERSION = YES;
				CLANG_WARN_OBJC_IMPLICIT_RETAIN_SELF = YES;
				CLANG_WARN_OBJC_LITERAL_CONVERSION = YES;
				CLANG_WARN_OBJC_ROOT_CLASS = YES_ERROR;
				CLANG_WARN_QUOTED_INCLUDE_IN_FRAMEWORK_HEADER = YES;
				CLANG_WARN_RANGE_LOOP_ANALYSIS = YES;
				CLANG_WARN_STRICT_PROTOTYPES = YES;
				CLANG_WARN_SUSPICIOUS_MOVE = YES;
				CLANG_WARN_UNGUARDED_AVAILABILITY = YES_AGGRESSIVE;
				CLANG_WARN_UNREACHABLE_CODE = YES;
				CLANG_WARN__DUPLICATE_METHOD_MATCH = YES;
				COPY_PHASE_STRIP = NO;
				DEBUG_INFORMATION_FORMAT = "dwarf-with-dsym";
				ENABLE_NS_ASSERTIONS = NO;
				ENABLE_STRICT_OBJC_MSGSEND = YES;
				GCC_C_LANGUAGE_STANDARD = gnu11;
				GCC_NO_COMMON_BLOCKS = YES;
				GCC_WARN_64_TO_32_BIT_CONVERSION = YES;
				GCC_WARN_ABOUT_RETURN_TYPE = YES_ERROR;
				GCC_WARN_UNDECLARED_SELECTOR = YES;
				GCC_WARN_UNINITIALIZED_AUTOS = YES_AGGRESSIVE;
				GCC_WARN_UNUSED_FUNCTION = YES;
				GCC_WARN_UNUSED_VARIABLE = YES;
				IPHONEOS_DEPLOYMENT_TARGET = 13.0;
				MTL_ENABLE_DEBUG_INFO = NO;
				MTL_FAST_MATH = YES;
				SDKROOT = iphoneos;
				SWIFT_COMPILATION_MODE = wholemodule;
				SWIFT_OPTIMIZATION_LEVEL = "-O";
				VALIDATE_PRODUCT = YES;
			};
			name = Release;
		};
		BED45837265040DF00101C52 /* Debug */ = {
			isa = XCBuildConfiguration;
			baseConfigurationReference = 66B08960A291C3673DE904CC /* Pods-Arandworld.debug.xcconfig */;
			buildSettings = {
				ASSETCATALOG_COMPILER_APPICON_NAME = AppIcon;
				ASSETCATALOG_COMPILER_GLOBAL_ACCENT_COLOR_NAME = AccentColor;
				CODE_SIGN_STYLE = Automatic;
				DEVELOPMENT_TEAM = YF2M6C4WM8;
				INFOPLIST_FILE = Arandworld/Info.plist;
				IPHONEOS_DEPLOYMENT_TARGET = 13.0;
				LD_RUNPATH_SEARCH_PATHS = (
					"$(inherited)",
					"@executable_path/Frameworks",
				);
				PRODUCT_BUNDLE_IDENTIFIER = com.WillaSaskara.Arandworld;
				PRODUCT_NAME = "$(TARGET_NAME)";
				SWIFT_VERSION = 5.0;
				TARGETED_DEVICE_FAMILY = 1;
			};
			name = Debug;
		};
		BED45838265040DF00101C52 /* Release */ = {
			isa = XCBuildConfiguration;
			baseConfigurationReference = 3217F7F2F9D5F3B4798E3591 /* Pods-Arandworld.release.xcconfig */;
			buildSettings = {
				ASSETCATALOG_COMPILER_APPICON_NAME = AppIcon;
				ASSETCATALOG_COMPILER_GLOBAL_ACCENT_COLOR_NAME = AccentColor;
				CODE_SIGN_STYLE = Automatic;
				DEVELOPMENT_TEAM = YF2M6C4WM8;
				INFOPLIST_FILE = Arandworld/Info.plist;
				IPHONEOS_DEPLOYMENT_TARGET = 13.0;
				LD_RUNPATH_SEARCH_PATHS = (
					"$(inherited)",
					"@executable_path/Frameworks",
				);
				PRODUCT_BUNDLE_IDENTIFIER = com.WillaSaskara.Arandworld;
				PRODUCT_NAME = "$(TARGET_NAME)";
				SWIFT_VERSION = 5.0;
				TARGETED_DEVICE_FAMILY = 1;
			};
			name = Release;
		};
		BED4583A265040DF00101C52 /* Debug */ = {
			isa = XCBuildConfiguration;
			baseConfigurationReference = 6207C1B3ADB72B84F18AA728 /* Pods-ArandworldTests.debug.xcconfig */;
			buildSettings = {
				ALWAYS_EMBED_SWIFT_STANDARD_LIBRARIES = YES;
				BUNDLE_LOADER = "$(TEST_HOST)";
				CODE_SIGN_STYLE = Automatic;
				DEVELOPMENT_TEAM = YF2M6C4WM8;
				INFOPLIST_FILE = ArandworldTests/Info.plist;
				IPHONEOS_DEPLOYMENT_TARGET = 14.4;
				LD_RUNPATH_SEARCH_PATHS = (
					"$(inherited)",
					"@executable_path/Frameworks",
					"@loader_path/Frameworks",
				);
				PRODUCT_BUNDLE_IDENTIFIER = com.WillaSaskara.ArandworldTests;
				PRODUCT_NAME = "$(TARGET_NAME)";
				SWIFT_VERSION = 5.0;
				TARGETED_DEVICE_FAMILY = "1,2";
				TEST_HOST = "$(BUILT_PRODUCTS_DIR)/Arandworld.app/Arandworld";
			};
			name = Debug;
		};
		BED4583B265040DF00101C52 /* Release */ = {
			isa = XCBuildConfiguration;
			baseConfigurationReference = ECA994784E89F9866DAFD540 /* Pods-ArandworldTests.release.xcconfig */;
			buildSettings = {
				ALWAYS_EMBED_SWIFT_STANDARD_LIBRARIES = YES;
				BUNDLE_LOADER = "$(TEST_HOST)";
				CODE_SIGN_STYLE = Automatic;
				DEVELOPMENT_TEAM = YF2M6C4WM8;
				INFOPLIST_FILE = ArandworldTests/Info.plist;
				IPHONEOS_DEPLOYMENT_TARGET = 14.4;
				LD_RUNPATH_SEARCH_PATHS = (
					"$(inherited)",
					"@executable_path/Frameworks",
					"@loader_path/Frameworks",
				);
				PRODUCT_BUNDLE_IDENTIFIER = com.WillaSaskara.ArandworldTests;
				PRODUCT_NAME = "$(TARGET_NAME)";
				SWIFT_VERSION = 5.0;
				TARGETED_DEVICE_FAMILY = "1,2";
				TEST_HOST = "$(BUILT_PRODUCTS_DIR)/Arandworld.app/Arandworld";
			};
			name = Release;
		};
		BED4583D265040DF00101C52 /* Debug */ = {
			isa = XCBuildConfiguration;
			baseConfigurationReference = 084B95D354670918EF12807E /* Pods-Arandworld-ArandworldUITests.debug.xcconfig */;
			buildSettings = {
				ALWAYS_EMBED_SWIFT_STANDARD_LIBRARIES = YES;
				CODE_SIGN_STYLE = Automatic;
				DEVELOPMENT_TEAM = YF2M6C4WM8;
				INFOPLIST_FILE = ArandworldUITests/Info.plist;
				LD_RUNPATH_SEARCH_PATHS = (
					"$(inherited)",
					"@executable_path/Frameworks",
					"@loader_path/Frameworks",
				);
				PRODUCT_BUNDLE_IDENTIFIER = com.WillaSaskara.ArandworldUITests;
				PRODUCT_NAME = "$(TARGET_NAME)";
				SWIFT_VERSION = 5.0;
				TARGETED_DEVICE_FAMILY = "1,2";
				TEST_TARGET_NAME = Arandworld;
			};
			name = Debug;
		};
		BED4583E265040DF00101C52 /* Release */ = {
			isa = XCBuildConfiguration;
			baseConfigurationReference = 9EAC0CA40C798387498B5C46 /* Pods-Arandworld-ArandworldUITests.release.xcconfig */;
			buildSettings = {
				ALWAYS_EMBED_SWIFT_STANDARD_LIBRARIES = YES;
				CODE_SIGN_STYLE = Automatic;
				DEVELOPMENT_TEAM = YF2M6C4WM8;
				INFOPLIST_FILE = ArandworldUITests/Info.plist;
				LD_RUNPATH_SEARCH_PATHS = (
					"$(inherited)",
					"@executable_path/Frameworks",
					"@loader_path/Frameworks",
				);
				PRODUCT_BUNDLE_IDENTIFIER = com.WillaSaskara.ArandworldUITests;
				PRODUCT_NAME = "$(TARGET_NAME)";
				SWIFT_VERSION = 5.0;
				TARGETED_DEVICE_FAMILY = "1,2";
				TEST_TARGET_NAME = Arandworld;
			};
			name = Release;
		};
/* End XCBuildConfiguration section */

/* Begin XCConfigurationList section */
		BED45804265040DE00101C52 /* Build configuration list for PBXProject "Arandworld" */ = {
			isa = XCConfigurationList;
			buildConfigurations = (
				BED45834265040DF00101C52 /* Debug */,
				BED45835265040DF00101C52 /* Release */,
			);
			defaultConfigurationIsVisible = 0;
			defaultConfigurationName = Release;
		};
		BED45836265040DF00101C52 /* Build configuration list for PBXNativeTarget "Arandworld" */ = {
			isa = XCConfigurationList;
			buildConfigurations = (
				BED45837265040DF00101C52 /* Debug */,
				BED45838265040DF00101C52 /* Release */,
			);
			defaultConfigurationIsVisible = 0;
			defaultConfigurationName = Release;
		};
		BED45839265040DF00101C52 /* Build configuration list for PBXNativeTarget "ArandworldTests" */ = {
			isa = XCConfigurationList;
			buildConfigurations = (
				BED4583A265040DF00101C52 /* Debug */,
				BED4583B265040DF00101C52 /* Release */,
			);
			defaultConfigurationIsVisible = 0;
			defaultConfigurationName = Release;
		};
		BED4583C265040DF00101C52 /* Build configuration list for PBXNativeTarget "ArandworldUITests" */ = {
			isa = XCConfigurationList;
			buildConfigurations = (
				BED4583D265040DF00101C52 /* Debug */,
				BED4583E265040DF00101C52 /* Release */,
			);
			defaultConfigurationIsVisible = 0;
			defaultConfigurationName = Release;
		};
/* End XCConfigurationList section */

/* Begin XCVersionGroup section */
		BED45815265040DE00101C52 /* Arandworld.xcdatamodeld */ = {
			isa = XCVersionGroup;
			children = (
				BED45816265040DE00101C52 /* Arandworld.xcdatamodel */,
			);
			currentVersion = BED45816265040DE00101C52 /* Arandworld.xcdatamodel */;
			path = Arandworld.xcdatamodeld;
			sourceTree = "<group>";
			versionGroupType = wrapper.xcdatamodel;
		};
/* End XCVersionGroup section */
	};
	rootObject = BED45801265040DE00101C52 /* Project object */;
}
